
Microsoft Visual Studio Solution File, Format Version 12.00
# Visual Studio Version 17
VisualStudioVersion = 17.7.34031.279
MinimumVisualStudioVersion = 10.0.40219.1
Project("{FAE04EC0-301F-11D3-BF4B-00C04F79EFBC}") = "LabrasoftC#Programmation", "LabrasoftC#Programmation\LabrasoftC#Programmation.csproj", "{0D7B3CD1-4E59-4EB8-BD4A-F8D1E3EDA675}"
EndProject
Global
	GlobalSection(SolutionConfigurationPlatforms) = preSolution
		Debug|Any CPU = Debug|Any CPU
		Release|Any CPU = Release|Any CPU
	EndGlobalSection
	GlobalSection(ProjectConfigurationPlatforms) = postSolution
		{0D7B3CD1-4E59-4EB8-BD4A-F8D1E3EDA675}.Debug|Any CPU.ActiveCfg = Debug|Any CPU
		{0D7B3CD1-4E59-4EB8-BD4A-F8D1E3EDA675}.Debug|Any CPU.Build.0 = Debug|Any CPU
		{0D7B3CD1-4E59-4EB8-BD4A-F8D1E3EDA675}.Release|Any CPU.ActiveCfg = Release|Any CPU
		{0D7B3CD1-4E59-4EB8-BD4A-F8D1E3EDA675}.Release|Any CPU.Build.0 = Release|Any CPU
	EndGlobalSection
	GlobalSection(SolutionProperties) = preSolution
		HideSolutionNode = FALSE
	EndGlobalSection
	GlobalSection(ExtensibilityGlobals) = postSolution
		SolutionGuid = {563BFBCE-1511-48A3-9C0C-FDD49887B114}
	EndGlobalSection
EndGlobal
